
Microsoft Visual Studio Solution File, Format Version 12.00
# Visual Studio Version 17
VisualStudioVersion = 17.7.34024.191
MinimumVisualStudioVersion = 10.0.40219.1
Project("{8BC9CEB8-8B4A-11D0-8D11-00A0C91BC942}") = "9_23_game", "9_23_game.vcxproj", "{E155029D-144C-4ED6-9746-F3660F21C57E}"
EndProject
Global
	GlobalSection(SolutionConfigurationPlatforms) = preSolution
		Debug|x64 = Debug|x64
		Debug|x86 = Debug|x86
		Release|x64 = Release|x64
		Release|x86 = Release|x86
	EndGlobalSection
	GlobalSection(ProjectConfigurationPlatforms) = postSolution
		{E155029D-144C-4ED6-9746-F3660F21C57E}.Debug|x64.ActiveCfg = Debug|x64
		{E155029D-144C-4ED6-9746-F3660F21C57E}.Debug|x64.Build.0 = Debug|x64
		{E155029D-144C-4ED6-9746-F3660F21C57E}.Debug|x86.ActiveCfg = Debug|Win32
		{E155029D-144C-4ED6-9746-F3660F21C57E}.Debug|x86.Build.0 = Debug|Win32
		{E155029D-144C-4ED6-9746-F3660F21C57E}.Release|x64.ActiveCfg = Release|x64
		{E155029D-144C-4ED6-9746-F3660F21C57E}.Release|x64.Build.0 = Release|x64
		{E155029D-144C-4ED6-9746-F3660F21C57E}.Release|x86.ActiveCfg = Release|Win32
		{E155029D-144C-4ED6-9746-F3660F21C57E}.Release|x86.Build.0 = Release|Win32
	EndGlobalSection
	GlobalSection(SolutionProperties) = preSolution
		HideSolutionNode = FALSE
	EndGlobalSection
	GlobalSection(ExtensibilityGlobals) = postSolution
		SolutionGuid = {3C997FE5-57DE-4305-A91B-1F2DAD6998B1}
	EndGlobalSection
EndGlobal
